
Microsoft Visual Studio Solution File, Format Version 12.00
# Visual Studio Version 17
VisualStudioVersion = 17.8.34525.116
MinimumVisualStudioVersion = 10.0.40219.1
Project("{FAE04EC0-301F-11D3-BF4B-00C04F79EFBC}") = "3 Axis Printing", "3 Axis Printing\3 Axis Printing.csproj", "{1850195C-8C05-42C1-BEA1-377796C901F1}"
EndProject
Global
	GlobalSection(SolutionConfigurationPlatforms) = preSolution
		Debug|Any CPU = Debug|Any CPU
		Release|Any CPU = Release|Any CPU
	EndGlobalSection
	GlobalSection(ProjectConfigurationPlatforms) = postSolution
		{1850195C-8C05-42C1-BEA1-377796C901F1}.Debug|Any CPU.ActiveCfg = Debug|Any CPU
		{1850195C-8C05-42C1-BEA1-377796C901F1}.Debug|Any CPU.Build.0 = Debug|Any CPU
		{1850195C-8C05-42C1-BEA1-377796C901F1}.Release|Any CPU.ActiveCfg = Release|Any CPU
		{1850195C-8C05-42C1-BEA1-377796C901F1}.Release|Any CPU.Build.0 = Release|Any CPU
	EndGlobalSection
	GlobalSection(SolutionProperties) = preSolution
		HideSolutionNode = FALSE
	EndGlobalSection
	GlobalSection(ExtensibilityGlobals) = postSolution
		SolutionGuid = {E7A263F3-A668-4A6E-BBD4-63C101526FC7}
	EndGlobalSection
EndGlobal
